
Microsoft Visual Studio Solution File, Format Version 12.00
# Visual Studio Version 17
VisualStudioVersion = 17.0.31606.5
MinimumVisualStudioVersion = 10.0.40219.1
Project("{9A19103F-16F7-4668-BE54-9A1E7A4F7556}") = "MassTransitWithSQS", "MassTransitWithSQS.csproj", "{1CDEF5C7-2200-4E09-A72E-EC48E8CC93B3}"
EndProject
Global
	GlobalSection(SolutionConfigurationPlatforms) = preSolution
		Debug|Any CPU = Debug|Any CPU
		Release|Any CPU = Release|Any CPU
	EndGlobalSection
	GlobalSection(ProjectConfigurationPlatforms) = postSolution
		{1CDEF5C7-2200-4E09-A72E-EC48E8CC93B3}.Debug|Any CPU.ActiveCfg = Debug|Any CPU
		{1CDEF5C7-2200-4E09-A72E-EC48E8CC93B3}.Debug|Any CPU.Build.0 = Debug|Any CPU
		{1CDEF5C7-2200-4E09-A72E-EC48E8CC93B3}.Release|Any CPU.ActiveCfg = Release|Any CPU
		{1CDEF5C7-2200-4E09-A72E-EC48E8CC93B3}.Release|Any CPU.Build.0 = Release|Any CPU
	EndGlobalSection
	GlobalSection(SolutionProperties) = preSolution
		HideSolutionNode = FALSE
	EndGlobalSection
	GlobalSection(ExtensibilityGlobals) = postSolution
		SolutionGuid = {4E0CA51D-A1B6-4807-AC7F-0DFE773E2342}
	EndGlobalSection
EndGlobal
